
Microsoft Visual Studio Solution File, Format Version 12.00
# Visual Studio Version 16
VisualStudioVersion = 16.0.29326.143
MinimumVisualStudioVersion = 10.0.40219.1
Project("{9A19103F-16F7-4668-BE54-9A1E7A4F7556}") = "Server", "Server\Server.csproj", "{FE532741-BAA6-4EBB-834E-B07518BA1E83}"
EndProject
Project("{9A19103F-16F7-4668-BE54-9A1E7A4F7556}") = "Client", "Client\Client.csproj", "{EFC6FEBA-3DD8-468B-BBC7-131D2F4E85A8}"
EndProject
Project("{9A19103F-16F7-4668-BE54-9A1E7A4F7556}") = "SeasonsService", "SeasonsService\SeasonsService.csproj", "{FC2B31E3-19F4-473C-A323-439C3E5097AD}"
EndProject
Global
	GlobalSection(SolutionConfigurationPlatforms) = preSolution
		Debug|Any CPU = Debug|Any CPU
		Release|Any CPU = Release|Any CPU
	EndGlobalSection
	GlobalSection(ProjectConfigurationPlatforms) = postSolution
		{FE532741-BAA6-4EBB-834E-B07518BA1E83}.Debug|Any CPU.ActiveCfg = Debug|Any CPU
		{FE532741-BAA6-4EBB-834E-B07518BA1E83}.Debug|Any CPU.Build.0 = Debug|Any CPU
		{FE532741-BAA6-4EBB-834E-B07518BA1E83}.Release|Any CPU.ActiveCfg = Release|Any CPU
		{FE532741-BAA6-4EBB-834E-B07518BA1E83}.Release|Any CPU.Build.0 = Release|Any CPU
		{EFC6FEBA-3DD8-468B-BBC7-131D2F4E85A8}.Debug|Any CPU.ActiveCfg = Debug|Any CPU
		{EFC6FEBA-3DD8-468B-BBC7-131D2F4E85A8}.Debug|Any CPU.Build.0 = Debug|Any CPU
		{EFC6FEBA-3DD8-468B-BBC7-131D2F4E85A8}.Release|Any CPU.ActiveCfg = Release|Any CPU
		{EFC6FEBA-3DD8-468B-BBC7-131D2F4E85A8}.Release|Any CPU.Build.0 = Release|Any CPU
		{FC2B31E3-19F4-473C-A323-439C3E5097AD}.Debug|Any CPU.ActiveCfg = Debug|Any CPU
		{FC2B31E3-19F4-473C-A323-439C3E5097AD}.Debug|Any CPU.Build.0 = Debug|Any CPU
		{FC2B31E3-19F4-473C-A323-439C3E5097AD}.Release|Any CPU.ActiveCfg = Release|Any CPU
		{FC2B31E3-19F4-473C-A323-439C3E5097AD}.Release|Any CPU.Build.0 = Release|Any CPU
	EndGlobalSection
	GlobalSection(SolutionProperties) = preSolution
		HideSolutionNode = FALSE
	EndGlobalSection
	GlobalSection(ExtensibilityGlobals) = postSolution
		SolutionGuid = {00DFB12E-3CE6-41B1-9FF0-FDFD2101D26B}
	EndGlobalSection
EndGlobal
